
Microsoft Visual Studio Solution File, Format Version 12.00
# Visual Studio Version 17
VisualStudioVersion = 17.14.36401.2 d17.14
MinimumVisualStudioVersion = 10.0.40219.1
Project("{8BC9CEB8-8B4A-11D0-8D11-00A0C91BC942}") = "1.12CMathOperatorsHouseCostNeigh", "1.12CMathOperatorsHouseCostNeigh\1.12CMathOperatorsHouseCostNeigh.vcxproj", "{690135C9-7D03-47F9-B41D-E4A7D351B7FF}"
EndProject
Global
	GlobalSection(SolutionConfigurationPlatforms) = preSolution
		Debug|x64 = Debug|x64
		Debug|x86 = Debug|x86
		Release|x64 = Release|x64
		Release|x86 = Release|x86
	EndGlobalSection
	GlobalSection(ProjectConfigurationPlatforms) = postSolution
		{690135C9-7D03-47F9-B41D-E4A7D351B7FF}.Debug|x64.ActiveCfg = Debug|x64
		{690135C9-7D03-47F9-B41D-E4A7D351B7FF}.Debug|x64.Build.0 = Debug|x64
		{690135C9-7D03-47F9-B41D-E4A7D351B7FF}.Debug|x86.ActiveCfg = Debug|Win32
		{690135C9-7D03-47F9-B41D-E4A7D351B7FF}.Debug|x86.Build.0 = Debug|Win32
		{690135C9-7D03-47F9-B41D-E4A7D351B7FF}.Release|x64.ActiveCfg = Release|x64
		{690135C9-7D03-47F9-B41D-E4A7D351B7FF}.Release|x64.Build.0 = Release|x64
		{690135C9-7D03-47F9-B41D-E4A7D351B7FF}.Release|x86.ActiveCfg = Release|Win32
		{690135C9-7D03-47F9-B41D-E4A7D351B7FF}.Release|x86.Build.0 = Release|Win32
	EndGlobalSection
	GlobalSection(SolutionProperties) = preSolution
		HideSolutionNode = FALSE
	EndGlobalSection
	GlobalSection(ExtensibilityGlobals) = postSolution
		SolutionGuid = {B96076CC-61A3-468A-8F76-A58325F341E4}
	EndGlobalSection
EndGlobal
