
Microsoft Visual Studio Solution File, Format Version 12.00
# Visual Studio Version 17
VisualStudioVersion = 17.14.36221.1 d17.14
MinimumVisualStudioVersion = 10.0.40219.1
Project("{8BC9CEB8-8B4A-11D0-8D11-00A0C91BC942}") = "1.11CHouseTypeQuestionsNeigh", "1.11CHouseTypeQuestionsNeigh\1.11CHouseTypeQuestionsNeigh.vcxproj", "{613473C8-6147-4B83-886F-7B0D5280B31F}"
EndProject
Global
	GlobalSection(SolutionConfigurationPlatforms) = preSolution
		Debug|x64 = Debug|x64
		Debug|x86 = Debug|x86
		Release|x64 = Release|x64
		Release|x86 = Release|x86
	EndGlobalSection
	GlobalSection(ProjectConfigurationPlatforms) = postSolution
		{613473C8-6147-4B83-886F-7B0D5280B31F}.Debug|x64.ActiveCfg = Debug|x64
		{613473C8-6147-4B83-886F-7B0D5280B31F}.Debug|x64.Build.0 = Debug|x64
		{613473C8-6147-4B83-886F-7B0D5280B31F}.Debug|x86.ActiveCfg = Debug|Win32
		{613473C8-6147-4B83-886F-7B0D5280B31F}.Debug|x86.Build.0 = Debug|Win32
		{613473C8-6147-4B83-886F-7B0D5280B31F}.Release|x64.ActiveCfg = Release|x64
		{613473C8-6147-4B83-886F-7B0D5280B31F}.Release|x64.Build.0 = Release|x64
		{613473C8-6147-4B83-886F-7B0D5280B31F}.Release|x86.ActiveCfg = Release|Win32
		{613473C8-6147-4B83-886F-7B0D5280B31F}.Release|x86.Build.0 = Release|Win32
	EndGlobalSection
	GlobalSection(SolutionProperties) = preSolution
		HideSolutionNode = FALSE
	EndGlobalSection
	GlobalSection(ExtensibilityGlobals) = postSolution
		SolutionGuid = {FB4431CA-69C7-4399-AB43-4D21FC446810}
	EndGlobalSection
EndGlobal
